# THIS IS AN AUTOGENERATED FILE. DO NOT EDIT THIS FILE DIRECTLY.
# yarn lockfile v1


systemjs@^0.21.5:
  version "0.21.6"
  resolved "https://registry.yarnpkg.com/systemjs/-/systemjs-0.21.6.tgz#9d15e79d9f60abbac23f0d179f887ec01f260a1b"
  integrity sha512-R+5S9eV9vcQgWOoS4D87joZ4xkFJHb19ZsyKY07D1+VBDE9bwYcU+KXE0r5XlDA8mFoJGyuWDbfrNoh90JsA8g==
